
Microsoft Visual Studio Solution File, Format Version 12.00
# Visual Studio 15
VisualStudioVersion = 15.0.28307.960
MinimumVisualStudioVersion = 10.0.40219.1
Project("{FAE04EC0-301F-11D3-BF4B-00C04F79EFBC}") = "TrackerLibrary", "TrackerLibrary\TrackerLibrary.csproj", "{F28425B3-A6F7-433D-9145-D373442B25BE}"
EndProject
Global
	GlobalSection(SolutionConfigurationPlatforms) = preSolution
		Debug|Any CPU = Debug|Any CPU
		Release|Any CPU = Release|Any CPU
	EndGlobalSection
	GlobalSection(ProjectConfigurationPlatforms) = postSolution
		{F28425B3-A6F7-433D-9145-D373442B25BE}.Debug|Any CPU.ActiveCfg = Debug|Any CPU
		{F28425B3-A6F7-433D-9145-D373442B25BE}.Debug|Any CPU.Build.0 = Debug|Any CPU
		{F28425B3-A6F7-433D-9145-D373442B25BE}.Release|Any CPU.ActiveCfg = Release|Any CPU
		{F28425B3-A6F7-433D-9145-D373442B25BE}.Release|Any CPU.Build.0 = Release|Any CPU
	EndGlobalSection
	GlobalSection(SolutionProperties) = preSolution
		HideSolutionNode = FALSE
	EndGlobalSection
	GlobalSection(ExtensibilityGlobals) = postSolution
		SolutionGuid = {CA3DCB53-BDBC-4D1F-AA6F-19BB8B5A5D64}
	EndGlobalSection
EndGlobal
